// !$*UTF8*$!
{
	archiveVersion = 1;
	classes = {
	};
	objectVersion = 50;
	objects = {

/* Begin PBXBuildFile section */
		BB122DD927176A2400EA66E4 /* SettingsViewController.swift in Sources */ = {isa = PBXBuildFile; fileRef = BB122DD827176A2400EA66E4 /* SettingsViewController.swift */; };
		BB8E54FA26D91C8A0082D76F /* AppDelegate.swift in Sources */ = {isa = PBXBuildFile; fileRef = BB8E54F926D91C8A0082D76F /* AppDelegate.swift */; };
		BB8E54FC26D91C8A0082D76F /* SceneDelegate.swift in Sources */ = {isa = PBXBuildFile; fileRef = BB8E54FB26D91C8A0082D76F /* SceneDelegate.swift */; };
		BB8E54FE26D91C8A0082D76F /* ViewController.swift in Sources */ = {isa = PBXBuildFile; fileRef = BB8E54FD26D91C8A0082D76F /* ViewController.swift */; };
		BB8E550126D91C8A0082D76F /* Main.storyboard in Resources */ = {isa = PBXBuildFile; fileRef = BB8E54FF26D91C8A0082D76F /* Main.storyboard */; };
		BB8E550326D91C8C0082D76F /* Assets.xcassets in Resources */ = {isa = PBXBuildFile; fileRef = BB8E550226D91C8C0082D76F /* Assets.xcassets */; };
		BB8E550626D91C8C0082D76F /* LaunchScreen.storyboard in Resources */ = {isa = PBXBuildFile; fileRef = BB8E550426D91C8C0082D76F /* LaunchScreen.storyboard */; };
		BB8E551126D91C8C0082D76F /* PreworkTests.swift in Sources */ = {isa = PBXBuildFile; fileRef = BB8E551026D91C8C0082D76F /* PreworkTests.swift */; };
		BB8E551C26D91C8C0082D76F /* PreworkUITests.swift in Sources */ = {isa = PBXBuildFile; fileRef = BB8E551B26D91C8C0082D76F /* PreworkUITests.swift */; };
/* End PBXBuildFile section */

/* Begin PBXContainerItemProxy section */
		BB8E550D26D91C8C0082D76F /* PBXContainerItemProxy */ = {
			isa = PBXContainerItemProxy;
			containerPortal = BB8E54EE26D91C8A0082D76F /* Project object */;
			proxyType = 1;
			remoteGlobalIDString = BB8E54F526D91C8A0082D76F;
			remoteInfo = Prework;
		};
		BB8E551826D91C8C0082D76F /* PBXContainerItemProxy */ = {
			isa = PBXContainerItemProxy;
			containerPortal = BB8E54EE26D91C8A0082D76F /* Project object */;
			proxyType = 1;
			remoteGlobalIDString = BB8E54F526D91C8A0082D76F;
			remoteInfo = Prework;
		};
/* End PBXContainerItemProxy section */

/* Begin PBXFileReference section */
		BB122DD827176A2400EA66E4 /* SettingsViewController.swift */ = {isa = PBXFileReference; lastKnownFileType = sourcecode.swift; path = SettingsViewController.swift; sourceTree = "<group>"; };
		BB8E54F626D91C8A0082D76F /* Prework.app */ = {isa = PBXFileReference; explicitFileType = wrapper.application; includeInIndex = 0; path = Prework.app; sourceTree = BUILT_PRODUCTS_DIR; };
		BB8E54F926D91C8A0082D76F /* AppDelegate.swift */ = {isa = PBXFileReference; lastKnownFileType = sourcecode.swift; path = AppDelegate.swift; sourceTree = "<group>"; };
		BB8E54FB26D91C8A0082D76F /* SceneDelegate.swift */ = {isa = PBXFileReference; lastKnownFileType = sourcecode.swift; path = SceneDelegate.swift; sourceTree = "<group>"; };
		BB8E54FD26D91C8A0082D76F /* ViewController.swift */ = {isa = PBXFileReference; lastKnownFileType = sourcecode.swift; path = ViewController.swift; sourceTree = "<group>"; };
		BB8E550026D91C8A0082D76F /* Base */ = {isa = PBXFileReference; lastKnownFileType = file.storyboard; name = Base; path = Base.lproj/Main.storyboard; sourceTree = "<group>"; };
		BB8E550226D91C8C0082D76F /* Assets.xcassets */ = {isa = PBXFileReference; lastKnownFileType = folder.assetcatalog; path = Assets.xcassets; sourceTree = "<group>"; };
		BB8E550526D91C8C0082D76F /* Base */ = {isa = PBXFileReference; lastKnownFileType = file.storyboard; name = Base; path = Base.lproj/LaunchScreen.storyboard; sourceTree = "<group>"; };
		BB8E550726D91C8C0082D76F /* Info.plist */ = {isa = PBXFileReference; lastKnownFileType = text.plist.xml; path = Info.plist; sourceTree = "<group>"; };
		BB8E550C26D91C8C0082D76F /* PreworkTests.xctest */ = {isa = PBXFileReference; explicitFileType = wrapper.cfbundle; includeInIndex = 0; path = PreworkTests.xctest; sourceTree = BUILT_PRODUCTS_DIR; };
		BB8E551026D91C8C0082D76F /* PreworkTests.swift */ = {isa = PBXFileReference; lastKnownFileType = sourcecode.swift; path = PreworkTests.swift; sourceTree = "<group>"; };
		BB8E551226D91C8C0082D76F /* Info.plist */ = {isa = PBXFileReference; lastKnownFileType = text.plist.xml; path = Info.plist; sourceTree = "<group>"; };
		BB8E551726D91C8C0082D76F /* PreworkUITests.xctest */ = {isa = PBXFileReference; explicitFileType = wrapper.cfbundle; includeInIndex = 0; path = PreworkUITests.xctest; sourceTree = BUILT_PRODUCTS_DIR; };
		BB8E551B26D91C8C0082D76F /* PreworkUITests.swift */ = {isa = PBXFileReference; lastKnownFileType = sourcecode.swift; path = PreworkUITests.swift; sourceTree = "<group>"; };
		BB8E551D26D91C8C0082D76F /* Info.plist */ = {isa = PBXFileReference; lastKnownFileType = text.plist.xml; path = Info.plist; sourceTree = "<group>"; };
/* End PBXFileReference section */

/* Begin PBXFrameworksBuildPhase section */
		BB8E54F326D91C8A0082D76F /* Frameworks */ = {
			isa = PBXFrameworksBuildPhase;
			buildActionMask = 2147483647;
			files = (
			);
			runOnlyForDeploymentPostprocessing = 0;
		};
		BB8E550926D91C8C0082D76F /* Frameworks */ = {
			isa = PBXFrameworksBuildPhase;
			buildActionMask = 2147483647;
			files = (
			);
			runOnlyForDeploymentPostprocessing = 0;
		};
		BB8E551426D91C8C0082D76F /* Frameworks */ = {
			isa = PBXFrameworksBuildPhase;
			buildActionMask = 2147483647;
			files = (
			);
			runOnlyForDeploymentPostprocessing = 0;
		};
/* End PBXFrameworksBuildPhase section */

/* Begin PBXGroup section */
		BB8E54ED26D91C8A0082D76F = {
			isa = PBXGroup;
			children = (
				BB8E54F826D91C8A0082D76F /* Prework */,
				BB8E550F26D91C8C0082D76F /* PreworkTests */,
				BB8E551A26D91C8C0082D76F /* PreworkUITests */,
				BB8E54F726D91C8A0082D76F /* Products */,
			);
			sourceTree = "<group>";
		};
		BB8E54F726D91C8A0082D76F /* Products */ = {
			isa = PBXGroup;
			children = (
				BB8E54F626D91C8A0082D76F /* Prework.app */,
				BB8E550C26D91C8C0082D76F /* PreworkTests.xctest */,
				BB8E551726D91C8C0082D76F /* PreworkUITests.xctest */,
			);
			name = Products;
			sourceTree = "<group>";
		};
		BB8E54F826D91C8A0082D76F /* Prework */ = {
			isa = PBXGroup;
			children = (
				BB8E54F926D91C8A0082D76F /* AppDelegate.swift */,
				BB8E54FB26D91C8A0082D76F /* SceneDelegate.swift */,
				BB8E54FD26D91C8A0082D76F /* ViewController.swift */,
				BB8E54FF26D91C8A0082D76F /* Main.storyboard */,
				BB8E550226D91C8C0082D76F /* Assets.xcassets */,
				BB8E550426D91C8C0082D76F /* LaunchScreen.storyboard */,
				BB8E550726D91C8C0082D76F /* Info.plist */,
				BB122DD827176A2400EA66E4 /* SettingsViewController.swift */,
			);
			path = Prework;
			sourceTree = "<group>";
		};
		BB8E550F26D91C8C0082D76F /* PreworkTests */ = {
			isa = PBXGroup;
			children = (
				BB8E551026D91C8C0082D76F /* PreworkTests.swift */,
				BB8E551226D91C8C0082D76F /* Info.plist */,
			);
			path = PreworkTests;
			sourceTree = "<group>";
		};
		BB8E551A26D91C8C0082D76F /* PreworkUITests */ = {
			isa = PBXGroup;
			children = (
				BB8E551B26D91C8C0082D76F /* PreworkUITests.swift */,
				BB8E551D26D91C8C0082D76F /* Info.plist */,
			);
			path = PreworkUITests;
			sourceTree = "<group>";
		};
/* End PBXGroup section */

/* Begin PBXNativeTarget section */
		BB8E54F526D91C8A0082D76F /* Prework */ = {
			isa = PBXNativeTarget;
			buildConfigurationList = BB8E552026D91C8C0082D76F /* Build configuration list for PBXNativeTarget "Prework" */;
			buildPhases = (
				BB8E54F226D91C8A0082D76F /* Sources */,
				BB8E54F326D91C8A0082D76F /* Frameworks */,
				BB8E54F426D91C8A0082D76F /* Resources */,
			);
			buildRules = (
			);
			dependencies = (
			);
			name = Prework;
			productName = Prework;
			productReference = BB8E54F626D91C8A0082D76F /* Prework.app */;
			productType = "com.apple.product-type.application";
		};
		BB8E550B26D91C8C0082D76F /* PreworkTests */ = {
			isa = PBXNativeTarget;
			buildConfigurationList = BB8E552326D91C8C0082D76F /* Build configuration list for PBXNativeTarget "PreworkTests" */;
			buildPhases = (
				BB8E550826D91C8C0082D76F /* Sources */,
				BB8E550926D91C8C0082D76F /* Frameworks */,
				BB8E550A26D91C8C0082D76F /* Resources */,
			);
			buildRules = (
			);
			dependencies = (
				BB8E550E26D91C8C0082D76F /* PBXTargetDependency */,
			);
			name = PreworkTests;
			productName = PreworkTests;
			productReference = BB8E550C26D91C8C0082D76F /* PreworkTests.xctest */;
			productType = "com.apple.product-type.bundle.unit-test";
		};
		BB8E551626D91C8C0082D76F /* PreworkUITests */ = {
			isa = PBXNativeTarget;
			buildConfigurationList = BB8E552626D91C8C0082D76F /* Build configuration list for PBXNativeTarget "PreworkUITests" */;
			buildPhases = (
				BB8E551326D91C8C0082D76F /* Sources */,
				BB8E551426D91C8C0082D76F /* Frameworks */,
				BB8E551526D91C8C0082D76F /* Resources */,
			);
			buildRules = (
			);
			dependencies = (
				BB8E551926D91C8C0082D76F /* PBXTargetDependency */,
			);
			name = PreworkUITests;
			productName = PreworkUITests;
			productReference = BB8E551726D91C8C0082D76F /* PreworkUITests.xctest */;
			productType = "com.apple.product-type.bundle.ui-testing";
		};
/* End PBXNativeTarget section */

/* Begin PBXProject section */
		BB8E54EE26D91C8A0082D76F /* Project object */ = {
			isa = PBXProject;
			attributes = {
				LastSwiftUpdateCheck = 1250;
				LastUpgradeCheck = 1250;
				TargetAttributes = {
					BB8E54F526D91C8A0082D76F = {
						CreatedOnToolsVersion = 12.5.1;
					};
					BB8E550B26D91C8C0082D76F = {
						CreatedOnToolsVersion = 12.5.1;
						TestTargetID = BB8E54F526D91C8A0082D76F;
					};
					BB8E551626D91C8C0082D76F = {
						CreatedOnToolsVersion = 12.5.1;
						TestTargetID = BB8E54F526D91C8A0082D76F;
					};
				};
			};
			buildConfigurationList = BB8E54F126D91C8A0082D76F /* Build configuration list for PBXProject "Prework" */;
			compatibilityVersion = "Xcode 9.3";
			developmentRegion = en;
			hasScannedForEncodings = 0;
			knownRegions = (
				en,
				Base,
			);
			mainGroup = BB8E54ED26D91C8A0082D76F;
			productRefGroup = BB8E54F726D91C8A0082D76F /* Products */;
			projectDirPath = "";
			projectRoot = "";
			targets = (
				BB8E54F526D91C8A0082D76F /* Prework */,
				BB8E550B26D91C8C0082D76F /* PreworkTests */,
				BB8E551626D91C8C0082D76F /* PreworkUITests */,
			);
		};
/* End PBXProject section */

/* Begin PBXResourcesBuildPhase section */
		BB8E54F426D91C8A0082D76F /* Resources */ = {
			isa = PBXResourcesBuildPhase;
			buildActionMask = 2147483647;
			files = (
				BB8E550626D91C8C0082D76F /* LaunchScreen.storyboard in Resources */,
				BB8E550326D91C8C0082D76F /* Assets.xcassets in Resources */,
				BB8E550126D91C8A0082D76F /* Main.storyboard in Resources */,
			);
			runOnlyForDeploymentPostprocessing = 0;
		};
		BB8E550A26D91C8C0082D76F /* Resources */ = {
			isa = PBXResourcesBuildPhase;
			buildActionMask = 2147483647;
			files = (
			);
			runOnlyForDeploymentPostprocessing = 0;
		};
		BB8E551526D91C8C0082D76F /* Resources */ = {
			isa = PBXResourcesBuildPhase;
			buildActionMask = 2147483647;
			files = (
			);
			runOnlyForDeploymentPostprocessing = 0;
		};
/* End PBXResourcesBuildPhase section */

/* Begin PBXSourcesBuildPhase section */
		BB8E54F226D91C8A0082D76F /* Sources */ = {
			isa = PBXSourcesBuildPhase;
			buildActionMask = 2147483647;
			files = (
				BB8E54FE26D91C8A0082D76F /* ViewController.swift in Sources */,
				BB8E54FA26D91C8A0082D76F /* AppDelegate.swift in Sources */,
				BB8E54FC26D91C8A0082D76F /* SceneDelegate.swift in Sources */,
				BB122DD927176A2400EA66E4 /* SettingsViewController.swift in Sources */,
			);
			runOnlyForDeploymentPostprocessing = 0;
		};
		BB8E550826D91C8C0082D76F /* Sources */ = {
			isa = PBXSourcesBuildPhase;
			buildActionMask = 2147483647;
			files = (
				BB8E551126D91C8C0082D76F /* PreworkTests.swift in Sources */,
			);
			runOnlyForDeploymentPostprocessing = 0;
		};
		BB8E551326D91C8C0082D76F /* Sources */ = {
			isa = PBXSourcesBuildPhase;
			buildActionMask = 2147483647;
			files = (
				BB8E551C26D91C8C0082D76F /* PreworkUITests.swift in Sources */,
			);
			runOnlyForDeploymentPostprocessing = 0;
		};
/* End PBXSourcesBuildPhase section */

/* Begin PBXTargetDependency section */
		BB8E550E26D91C8C0082D76F /* PBXTargetDependency */ = {
			isa = PBXTargetDependency;
			target = BB8E54F526D91C8A0082D76F /* Prework */;
			targetProxy = BB8E550D26D91C8C0082D76F /* PBXContainerItemProxy */;
		};
		BB8E551926D91C8C0082D76F /* PBXTargetDependency */ = {
			isa = PBXTargetDependency;
			target = BB8E54F526D91C8A0082D76F /* Prework */;
			targetProxy = BB8E551826D91C8C0082D76F /* PBXContainerItemProxy */;
		};
/* End PBXTargetDependency section */

/* Begin PBXVariantGroup section */
		BB8E54FF26D91C8A0082D76F /* Main.storyboard */ = {
			isa = PBXVariantGroup;
			children = (
				BB8E550026D91C8A0082D76F /* Base */,
			);
			name = Main.storyboard;
			sourceTree = "<group>";
		};
		BB8E550426D91C8C0082D76F /* LaunchScreen.storyboard */ = {
			isa = PBXVariantGroup;
			children = (
				BB8E550526D91C8C0082D76F /* Base */,
			);
			name = LaunchScreen.storyboard;
			sourceTree = "<group>";
		};
/* End PBXVariantGroup section */

/* Begin XCBuildConfiguration section */
		BB8E551E26D91C8C0082D76F /* Debug */ = {
			isa = XCBuildConfiguration;
			buildSettings = {
				ALWAYS_SEARCH_USER_PATHS = NO;
				CLANG_ANALYZER_NONNULL = YES;
				CLANG_ANALYZER_NUMBER_OBJECT_CONVERSION = YES_AGGRESSIVE;
				CLANG_CXX_LANGUAGE_STANDARD = "gnu++14";
				CLANG_CXX_LIBRARY = "libc++";
				CLANG_ENABLE_MODULES = YES;
				CLANG_ENABLE_OBJC_ARC = YES;
				CLANG_ENABLE_OBJC_WEAK = YES;
				CLANG_WARN_BLOCK_CAPTURE_AUTORELEASING = YES;
				CLANG_WARN_BOOL_CONVERSION = YES;
				CLANG_WARN_COMMA = YES;
				CLANG_WARN_CONSTANT_CONVERSION = YES;
				CLANG_WARN_DEPRECATED_OBJC_IMPLEMENTATIONS = YES;
				CLANG_WARN_DIRECT_OBJC_ISA_USAGE = YES_ERROR;
				CLANG_WARN_DOCUMENTATION_COMMENTS = YES;
				CLANG_WARN_EMPTY_BODY = YES;
				CLANG_WARN_ENUM_CONVERSION = YES;
				CLANG_WARN_INFINITE_RECURSION = YES;
				CLANG_WARN_INT_CONVERSION = YES;
				CLANG_WARN_NON_LITERAL_NULL_CONVERSION = YES;
				CLANG_WARN_OBJC_IMPLICIT_RETAIN_SELF = YES;
				CLANG_WARN_OBJC_LITERAL_CONVERSION = YES;
				CLANG_WARN_OBJC_ROOT_CLASS = YES_ERROR;
				CLANG_WARN_QUOTED_INCLUDE_IN_FRAMEWORK_HEADER = YES;
				CLANG_WARN_RANGE_LOOP_ANALYSIS = YES;
				CLANG_WARN_STRICT_PROTOTYPES = YES;
				CLANG_WARN_SUSPICIOUS_MOVE = YES;
				CLANG_WARN_UNGUARDED_AVAILABILITY = YES_AGGRESSIVE;
				CLANG_WARN_UNREACHABLE_CODE = YES;
				CLANG_WARN__DUPLICATE_METHOD_MATCH = YES;
				COPY_PHASE_STRIP = NO;
				DEBUG_INFORMATION_FORMAT = dwarf;
				ENABLE_STRICT_OBJC_MSGSEND = YES;
				ENABLE_TESTABILITY = YES;
				GCC_C_LANGUAGE_STANDARD = gnu11;
				GCC_DYNAMIC_NO_PIC = NO;
				GCC_NO_COMMON_BLOCKS = YES;
				GCC_OPTIMIZATION_LEVEL = 0;
				GCC_PREPROCESSOR_DEFINITIONS = (
					"DEBUG=1",
					"$(inherited)",
				);
				GCC_WARN_64_TO_32_BIT_CONVERSION = YES;
				GCC_WARN_ABOUT_RETURN_TYPE = YES_ERROR;
				GCC_WARN_UNDECLARED_SELECTOR = YES;
				GCC_WARN_UNINITIALIZED_AUTOS = YES_AGGRESSIVE;
				GCC_WARN_UNUSED_FUNCTION = YES;
				GCC_WARN_UNUSED_VARIABLE = YES;
				IPHONEOS_DEPLOYMENT_TARGET = 14.5;
				MTL_ENABLE_DEBUG_INFO = INCLUDE_SOURCE;
				MTL_FAST_MATH = YES;
				ONLY_ACTIVE_ARCH = YES;
				SDKROOT = iphoneos;
				SWIFT_ACTIVE_COMPILATION_CONDITIONS = DEBUG;
				SWIFT_OPTIMIZATION_LEVEL = "-Onone";
			};
			name = Debug;
		};
		BB8E551F26D91C8C0082D76F /* Release */ = {
			isa = XCBuildConfiguration;
			buildSettings = {
				ALWAYS_SEARCH_USER_PATHS = NO;
				CLANG_ANALYZER_NONNULL = YES;
				CLANG_ANALYZER_NUMBER_OBJECT_CONVERSION = YES_AGGRESSIVE;
				CLANG_CXX_LANGUAGE_STANDARD = "gnu++14";
				CLANG_CXX_LIBRARY = "libc++";
				CLANG_ENABLE_MODULES = YES;
				CLANG_ENABLE_OBJC_ARC = YES;
				CLANG_ENABLE_OBJC_WEAK = YES;
				CLANG_WARN_BLOCK_CAPTURE_AUTORELEASING = YES;
				CLANG_WARN_BOOL_CONVERSION = YES;
				CLANG_WARN_COMMA = YES;
				CLANG_WARN_CONSTANT_CONVERSION = YES;
				CLANG_WARN_DEPRECATED_OBJC_IMPLEMENTATIONS = YES;
				CLANG_WARN_DIRECT_OBJC_ISA_USAGE = YES_ERROR;
				CLANG_WARN_DOCUMENTATION_COMMENTS = YES;
				CLANG_WARN_EMPTY_BODY = YES;
				CLANG_WARN_ENUM_CONVERSION = YES;
				CLANG_WARN_INFINITE_RECURSION = YES;
				CLANG_WARN_INT_CONVERSION = YES;
				CLANG_WARN_NON_LITERAL_NULL_CONVERSION = YES;
				CLANG_WARN_OBJC_IMPLICIT_RETAIN_SELF = YES;
				CLANG_WARN_OBJC_LITERAL_CONVERSION = YES;
				CLANG_WARN_OBJC_ROOT_CLASS = YES_ERROR;
				CLANG_WARN_QUOTED_INCLUDE_IN_FRAMEWORK_HEADER = YES;
				CLANG_WARN_RANGE_LOOP_ANALYSIS = YES;
				CLANG_WARN_STRICT_PROTOTYPES = YES;
				CLANG_WARN_SUSPICIOUS_MOVE = YES;
				CLANG_WARN_UNGUARDED_AVAILABILITY = YES_AGGRESSIVE;
				CLANG_WARN_UNREACHABLE_CODE = YES;
				CLANG_WARN__DUPLICATE_METHOD_MATCH = YES;
				COPY_PHASE_STRIP = NO;
				DEBUG_INFORMATION_FORMAT = "dwarf-with-dsym";
				ENABLE_NS_ASSERTIONS = NO;
				ENABLE_STRICT_OBJC_MSGSEND = YES;
				GCC_C_LANGUAGE_STANDARD = gnu11;
				GCC_NO_COMMON_BLOCKS = YES;
				GCC_WARN_64_TO_32_BIT_CONVERSION = YES;
				GCC_WARN_ABOUT_RETURN_TYPE = YES_ERROR;
				GCC_WARN_UNDECLARED_SELECTOR = YES;
				GCC_WARN_UNINITIALIZED_AUTOS = YES_AGGRESSIVE;
				GCC_WARN_UNUSED_FUNCTION = YES;
				GCC_WARN_UNUSED_VARIABLE = YES;
				IPHONEOS_DEPLOYMENT_TARGET = 14.5;
				MTL_ENABLE_DEBUG_INFO = NO;
				MTL_FAST_MATH = YES;
				SDKROOT = iphoneos;
				SWIFT_COMPILATION_MODE = wholemodule;
				SWIFT_OPTIMIZATION_LEVEL = "-O";
				VALIDATE_PRODUCT = YES;
			};
			name = Release;
		};
		BB8E552126D91C8C0082D76F /* Debug */ = {
			isa = XCBuildConfiguration;
			buildSettings = {
				ASSETCATALOG_COMPILER_APPICON_NAME = AppIcon;
				ASSETCATALOG_COMPILER_GLOBAL_ACCENT_COLOR_NAME = AccentColor;
				CODE_SIGN_STYLE = Automatic;
				INFOPLIST_FILE = Prework/Info.plist;
				LD_RUNPATH_SEARCH_PATHS = (
					"$(inherited)",
					"@executable_path/Frameworks",
				);
				PRODUCT_BUNDLE_IDENTIFIER = com.aaryandehade.Prework;
				PRODUCT_NAME = "$(TARGET_NAME)";
				SWIFT_VERSION = 5.0;
				TARGETED_DEVICE_FAMILY = "1,2";
			};
			name = Debug;
		};
		BB8E552226D91C8C0082D76F /* Release */ = {
			isa = XCBuildConfiguration;
			buildSettings = {
				ASSETCATALOG_COMPILER_APPICON_NAME = AppIcon;
				ASSETCATALOG_COMPILER_GLOBAL_ACCENT_COLOR_NAME = AccentColor;
				CODE_SIGN_STYLE = Automatic;
				INFOPLIST_FILE = Prework/Info.plist;
				LD_RUNPATH_SEARCH_PATHS = (
					"$(inherited)",
					"@executable_path/Frameworks",
				);
				PRODUCT_BUNDLE_IDENTIFIER = com.aaryandehade.Prework;
				PRODUCT_NAME = "$(TARGET_NAME)";
				SWIFT_VERSION = 5.0;
				TARGETED_DEVICE_FAMILY = "1,2";
			};
			name = Release;
		};
		BB8E552426D91C8C0082D76F /* Debug */ = {
			isa = XCBuildConfiguration;
			buildSettings = {
				ALWAYS_EMBED_SWIFT_STANDARD_LIBRARIES = YES;
				BUNDLE_LOADER = "$(TEST_HOST)";
				CODE_SIGN_STYLE = Automatic;
				INFOPLIST_FILE = PreworkTests/Info.plist;
				IPHONEOS_DEPLOYMENT_TARGET = 14.5;
				LD_RUNPATH_SEARCH_PATHS = (
					"$(inherited)",
					"@executable_path/Frameworks",
					"@loader_path/Frameworks",
				);
				PRODUCT_BUNDLE_IDENTIFIER = com.aaryandehade.PreworkTests;
				PRODUCT_NAME = "$(TARGET_NAME)";
				SWIFT_VERSION = 5.0;
				TARGETED_DEVICE_FAMILY = "1,2";
				TEST_HOST = "$(BUILT_PRODUCTS_DIR)/Prework.app/Prework";
			};
			name = Debug;
		};
		BB8E552526D91C8C0082D76F /* Release */ = {
			isa = XCBuildConfiguration;
			buildSettings = {
				ALWAYS_EMBED_SWIFT_STANDARD_LIBRARIES = YES;
				BUNDLE_LOADER = "$(TEST_HOST)";
				CODE_SIGN_STYLE = Automatic;
				INFOPLIST_FILE = PreworkTests/Info.plist;
				IPHONEOS_DEPLOYMENT_TARGET = 14.5;
				LD_RUNPATH_SEARCH_PATHS = (
					"$(inherited)",
					"@executable_path/Frameworks",
					"@loader_path/Frameworks",
				);
				PRODUCT_BUNDLE_IDENTIFIER = com.aaryandehade.PreworkTests;
				PRODUCT_NAME = "$(TARGET_NAME)";
				SWIFT_VERSION = 5.0;
				TARGETED_DEVICE_FAMILY = "1,2";
				TEST_HOST = "$(BUILT_PRODUCTS_DIR)/Prework.app/Prework";
			};
			name = Release;
		};
		BB8E552726D91C8C0082D76F /* Debug */ = {
			isa = XCBuildConfiguration;
			buildSettings = {
				ALWAYS_EMBED_SWIFT_STANDARD_LIBRARIES = YES;
				CODE_SIGN_STYLE = Automatic;
				INFOPLIST_FILE = PreworkUITests/Info.plist;
				LD_RUNPATH_SEARCH_PATHS = (
					"$(inherited)",
					"@executable_path/Frameworks",
					"@loader_path/Frameworks",
				);
				PRODUCT_BUNDLE_IDENTIFIER = com.aaryandehade.PreworkUITests;
				PRODUCT_NAME = "$(TARGET_NAME)";
				SWIFT_VERSION = 5.0;
				TARGETED_DEVICE_FAMILY = "1,2";
				TEST_TARGET_NAME = Prework;
			};
			name = Debug;
		};
		BB8E552826D91C8C0082D76F /* Release */ = {
			isa = XCBuildConfiguration;
			buildSettings = {
				ALWAYS_EMBED_SWIFT_STANDARD_LIBRARIES = YES;
				CODE_SIGN_STYLE = Automatic;
				INFOPLIST_FILE = PreworkUITests/Info.plist;
				LD_RUNPATH_SEARCH_PATHS = (
					"$(inherited)",
					"@executable_path/Frameworks",
					"@loader_path/Frameworks",
				);
				PRODUCT_BUNDLE_IDENTIFIER = com.aaryandehade.PreworkUITests;
				PRODUCT_NAME = "$(TARGET_NAME)";
				SWIFT_VERSION = 5.0;
				TARGETED_DEVICE_FAMILY = "1,2";
				TEST_TARGET_NAME = Prework;
			};
			name = Release;
		};
/* End XCBuildConfiguration section */

/* Begin XCConfigurationList section */
		BB8E54F126D91C8A0082D76F /* Build configuration list for PBXProject "Prework" */ = {
			isa = XCConfigurationList;
			buildConfigurations = (
				BB8E551E26D91C8C0082D76F /* Debug */,
				BB8E551F26D91C8C0082D76F /* Release */,
			);
			defaultConfigurationIsVisible = 0;
			defaultConfigurationName = Release;
		};
		BB8E552026D91C8C0082D76F /* Build configuration list for PBXNativeTarget "Prework" */ = {
			isa = XCConfigurationList;
			buildConfigurations = (
				BB8E552126D91C8C0082D76F /* Debug */,
				BB8E552226D91C8C0082D76F /* Release */,
			);
			defaultConfigurationIsVisible = 0;
			defaultConfigurationName = Release;
		};
		BB8E552326D91C8C0082D76F /* Build configuration list for PBXNativeTarget "PreworkTests" */ = {
			isa = XCConfigurationList;
			buildConfigurations = (
				BB8E552426D91C8C0082D76F /* Debug */,
				BB8E552526D91C8C0082D76F /* Release */,
			);
			defaultConfigurationIsVisible = 0;
			defaultConfigurationName = Release;
		};
		BB8E552626D91C8C0082D76F /* Build configuration list for PBXNativeTarget "PreworkUITests" */ = {
			isa = XCConfigurationList;
			buildConfigurations = (
				BB8E552726D91C8C0082D76F /* Debug */,
				BB8E552826D91C8C0082D76F /* Release */,
			);
			defaultConfigurationIsVisible = 0;
			defaultConfigurationName = Release;
		};
/* End XCConfigurationList section */
	};
	rootObject = BB8E54EE26D91C8A0082D76F /* Project object */;
}
